
Microsoft Visual Studio Solution File, Format Version 12.00
# Visual Studio Version 16
VisualStudioVersion = 16.0.29926.136
MinimumVisualStudioVersion = 10.0.40219.1
Project("{FAE04EC0-301F-11D3-BF4B-00C04F79EFBC}") = "Restaurante-Fase3", "Restaurante-Fase3\Restaurante-Fase3.csproj", "{C37D5DBD-3F97-408D-9930-DDF32F1954FF}"
EndProject
Global
	GlobalSection(SolutionConfigurationPlatforms) = preSolution
		Debug|Any CPU = Debug|Any CPU
		Release|Any CPU = Release|Any CPU
	EndGlobalSection
	GlobalSection(ProjectConfigurationPlatforms) = postSolution
		{C37D5DBD-3F97-408D-9930-DDF32F1954FF}.Debug|Any CPU.ActiveCfg = Debug|Any CPU
		{C37D5DBD-3F97-408D-9930-DDF32F1954FF}.Debug|Any CPU.Build.0 = Debug|Any CPU
		{C37D5DBD-3F97-408D-9930-DDF32F1954FF}.Release|Any CPU.ActiveCfg = Release|Any CPU
		{C37D5DBD-3F97-408D-9930-DDF32F1954FF}.Release|Any CPU.Build.0 = Release|Any CPU
	EndGlobalSection
	GlobalSection(SolutionProperties) = preSolution
		HideSolutionNode = FALSE
	EndGlobalSection
	GlobalSection(ExtensibilityGlobals) = postSolution
		SolutionGuid = {DD138F38-F920-4F90-A921-7DC504CB2396}
	EndGlobalSection
EndGlobal
