
Microsoft Visual Studio Solution File, Format Version 12.00
# Visual Studio Version 16
VisualStudioVersion = 16.0.30104.148
MinimumVisualStudioVersion = 10.0.40219.1
Project("{FAE04EC0-301F-11D3-BF4B-00C04F79EFBC}") = "Empleats", "Empleats.csproj", "{60BDB00C-058A-49EA-B481-398597BDB8F0}"
EndProject
Global
	GlobalSection(SolutionConfigurationPlatforms) = preSolution
		Debug|Any CPU = Debug|Any CPU
		Release|Any CPU = Release|Any CPU
	EndGlobalSection
	GlobalSection(ProjectConfigurationPlatforms) = postSolution
		{60BDB00C-058A-49EA-B481-398597BDB8F0}.Debug|Any CPU.ActiveCfg = Debug|Any CPU
		{60BDB00C-058A-49EA-B481-398597BDB8F0}.Debug|Any CPU.Build.0 = Debug|Any CPU
		{60BDB00C-058A-49EA-B481-398597BDB8F0}.Release|Any CPU.ActiveCfg = Release|Any CPU
		{60BDB00C-058A-49EA-B481-398597BDB8F0}.Release|Any CPU.Build.0 = Release|Any CPU
	EndGlobalSection
	GlobalSection(SolutionProperties) = preSolution
		HideSolutionNode = FALSE
	EndGlobalSection
	GlobalSection(ExtensibilityGlobals) = postSolution
		SolutionGuid = {188CCA7D-C301-4ED6-8984-81BF6D0E4BD5}
	EndGlobalSection
EndGlobal
