
Microsoft Visual Studio Solution File, Format Version 12.00
# Visual Studio Version 16
VisualStudioVersion = 16.0.29926.136
MinimumVisualStudioVersion = 10.0.40219.1
Project("{FAE04EC0-301F-11D3-BF4B-00C04F79EFBC}") = "Linq-Fase3", "Linq-Fase3\Linq-Fase3.csproj", "{4FA243EF-99F1-41D0-8D59-CA39351674B2}"
EndProject
Global
	GlobalSection(SolutionConfigurationPlatforms) = preSolution
		Debug|Any CPU = Debug|Any CPU
		Release|Any CPU = Release|Any CPU
	EndGlobalSection
	GlobalSection(ProjectConfigurationPlatforms) = postSolution
		{4FA243EF-99F1-41D0-8D59-CA39351674B2}.Debug|Any CPU.ActiveCfg = Debug|Any CPU
		{4FA243EF-99F1-41D0-8D59-CA39351674B2}.Debug|Any CPU.Build.0 = Debug|Any CPU
		{4FA243EF-99F1-41D0-8D59-CA39351674B2}.Release|Any CPU.ActiveCfg = Release|Any CPU
		{4FA243EF-99F1-41D0-8D59-CA39351674B2}.Release|Any CPU.Build.0 = Release|Any CPU
	EndGlobalSection
	GlobalSection(SolutionProperties) = preSolution
		HideSolutionNode = FALSE
	EndGlobalSection
	GlobalSection(ExtensibilityGlobals) = postSolution
		SolutionGuid = {A2AB0C67-09E1-4336-99BA-24646DB313C9}
	EndGlobalSection
EndGlobal
